// !$*UTF8*$!
{
	archiveVersion = 1;
	classes = {
	};
	objectVersion = 46;
	objects = {

/* Begin PBXBuildFile section */
		6D6D28BD1411608600B7EA19 /* UIKit.framework in Frameworks */ = {isa = PBXBuildFile; fileRef = 6D6D28BC1411608600B7EA19 /* UIKit.framework */; };
		6D6D28BF1411608600B7EA19 /* Foundation.framework in Frameworks */ = {isa = PBXBuildFile; fileRef = 6D6D28BE1411608600B7EA19 /* Foundation.framework */; };
		6D6D28C11411608600B7EA19 /* CoreGraphics.framework in Frameworks */ = {isa = PBXBuildFile; fileRef = 6D6D28C01411608600B7EA19 /* CoreGraphics.framework */; };
		6D6D28E31411608600B7EA19 /* SenTestingKit.framework in Frameworks */ = {isa = PBXBuildFile; fileRef = 6D6D28E21411608600B7EA19 /* SenTestingKit.framework */; };
		6D6D28E41411608600B7EA19 /* UIKit.framework in Frameworks */ = {isa = PBXBuildFile; fileRef = 6D6D28BC1411608600B7EA19 /* UIKit.framework */; };
		6D6D28E51411608600B7EA19 /* Foundation.framework in Frameworks */ = {isa = PBXBuildFile; fileRef = 6D6D28BE1411608600B7EA19 /* Foundation.framework */; };
		6D6D28E61411608600B7EA19 /* CoreGraphics.framework in Frameworks */ = {isa = PBXBuildFile; fileRef = 6D6D28C01411608600B7EA19 /* CoreGraphics.framework */; };
		AA15130D1986245E0089B8D9 /* AMCTest.m in Sources */ = {isa = PBXBuildFile; fileRef = AA15130C1986245E0089B8D9 /* AMCTest.m */; };
		AA910CBA198600EE00FE996A /* Default-568h@2x.png in Resources */ = {isa = PBXBuildFile; fileRef = AA910CB9198600EE00FE996A /* Default-568h@2x.png */; };
		AA910CBB1986155F00FE996A /* NSObject+AutoMagicCoding.m in Sources */ = {isa = PBXBuildFile; fileRef = FD8C3CE2149E366200FAA45D /* NSObject+AutoMagicCoding.m */; };
		AA910CBC1986156000FE996A /* NSObject+AutoMagicCoding.m in Sources */ = {isa = PBXBuildFile; fileRef = FD8C3CE2149E366200FAA45D /* NSObject+AutoMagicCoding.m */; };
		AA910CBD1986156100FE996A /* NSObject+AutoMagicCoding.m in Sources */ = {isa = PBXBuildFile; fileRef = FD8C3CE2149E366200FAA45D /* NSObject+AutoMagicCoding.m */; };
		AA910CC31986160700FE996A /* Foundation.framework in Frameworks */ = {isa = PBXBuildFile; fileRef = 6D6D28BE1411608600B7EA19 /* Foundation.framework */; };
		AA910CC41986160700FE996A /* CoreGraphics.framework in Frameworks */ = {isa = PBXBuildFile; fileRef = 6D6D28C01411608600B7EA19 /* CoreGraphics.framework */; };
		AA910CC51986160700FE996A /* UIKit.framework in Frameworks */ = {isa = PBXBuildFile; fileRef = 6D6D28BC1411608600B7EA19 /* UIKit.framework */; };
		AA910CDA1986160700FE996A /* XCTest.framework in Frameworks */ = {isa = PBXBuildFile; fileRef = AA910CD91986160700FE996A /* XCTest.framework */; };
		AA910CDB1986160700FE996A /* Foundation.framework in Frameworks */ = {isa = PBXBuildFile; fileRef = 6D6D28BE1411608600B7EA19 /* Foundation.framework */; };
		AA910CDC1986160700FE996A /* UIKit.framework in Frameworks */ = {isa = PBXBuildFile; fileRef = 6D6D28BC1411608600B7EA19 /* UIKit.framework */; };
		AA910CF9198617E900FE996A /* AppDelegate.m in Sources */ = {isa = PBXBuildFile; fileRef = AA910CF2198617E900FE996A /* AppDelegate.m */; };
		AA910CFB198617E900FE996A /* Images.xcassets in Resources */ = {isa = PBXBuildFile; fileRef = AA910CF6198617E900FE996A /* Images.xcassets */; };
		AA910CFC198617E900FE996A /* main.m in Sources */ = {isa = PBXBuildFile; fileRef = AA910CF7198617E900FE996A /* main.m */; };
		AA910CFF1986180100FE996A /* AMCObject.m in Sources */ = {isa = PBXBuildFile; fileRef = AA910CFE1986180100FE996A /* AMCObject.m */; };
		AA910D001986180100FE996A /* AMCObject.m in Sources */ = {isa = PBXBuildFile; fileRef = AA910CFE1986180100FE996A /* AMCObject.m */; };
		AA910D0619861B0500FE996A /* InfoPlist.strings in Resources */ = {isa = PBXBuildFile; fileRef = AA910D0319861B0500FE996A /* InfoPlist.strings */; };
		AA910D2019861DE500FE996A /* AMCCollectionsTest.m in Sources */ = {isa = PBXBuildFile; fileRef = AA910D0919861DE500FE996A /* AMCCollectionsTest.m */; };
		AA910D2119861DE500FE996A /* AMCExceptionsTest.m in Sources */ = {isa = PBXBuildFile; fileRef = AA910D0B19861DE500FE996A /* AMCExceptionsTest.m */; };
		AA910D2319861DE500FE996A /* AMCTestSimple.m in Sources */ = {isa = PBXBuildFile; fileRef = AA910D0F19861DE500FE996A /* AMCTestSimple.m */; };
		AA910D2419861DE500FE996A /* Bar.m in Sources */ = {isa = PBXBuildFile; fileRef = AA910D1219861DE500FE996A /* Bar.m */; };
		AA910D2619861DE500FE996A /* Foo.m in Sources */ = {isa = PBXBuildFile; fileRef = AA910D1719861DE500FE996A /* Foo.m */; };
		AA910D2719861DE500FE996A /* FooWithCollections.m in Sources */ = {isa = PBXBuildFile; fileRef = AA910D1919861DE500FE996A /* FooWithCollections.m */; };
		AA910D2819861DE500FE996A /* FooWithCustomCollection.m in Sources */ = {isa = PBXBuildFile; fileRef = AA910D1B19861DE500FE996A /* FooWithCustomCollection.m */; };
		AA910D2919861DE500FE996A /* FooWithMutableCollections.m in Sources */ = {isa = PBXBuildFile; fileRef = AA910D1D19861DE500FE996A /* FooWithMutableCollections.m */; };
		AA910D2A19861DE500FE996A /* FooWithSctructs.m in Sources */ = {isa = PBXBuildFile; fileRef = AA910D1F19861DE500FE996A /* FooWithSctructs.m */; };
		FDB80D0C149E268F001E95AA /* SenTestingKit.framework in Frameworks */ = {isa = PBXBuildFile; fileRef = 6D6D28E21411608600B7EA19 /* SenTestingKit.framework */; };
		FDB80D0D149E268F001E95AA /* UIKit.framework in Frameworks */ = {isa = PBXBuildFile; fileRef = 6D6D28BC1411608600B7EA19 /* UIKit.framework */; };
		FDB80D0E149E268F001E95AA /* Foundation.framework in Frameworks */ = {isa = PBXBuildFile; fileRef = 6D6D28BE1411608600B7EA19 /* Foundation.framework */; };
		FDB80D0F149E268F001E95AA /* CoreGraphics.framework in Frameworks */ = {isa = PBXBuildFile; fileRef = 6D6D28C01411608600B7EA19 /* CoreGraphics.framework */; };
		FDB80E02149E3010001E95AA /* README.md in Resources */ = {isa = PBXBuildFile; fileRef = FDB80DBE149E300F001E95AA /* README.md */; };
		FDB80E03149E3010001E95AA /* README.md in Resources */ = {isa = PBXBuildFile; fileRef = FDB80DBE149E300F001E95AA /* README.md */; };
		FDB80E04149E3010001E95AA /* README.md in Resources */ = {isa = PBXBuildFile; fileRef = FDB80DBE149E300F001E95AA /* README.md */; };
		FDB80E08149E3010001E95AA /* AutoMagicCoding_iOSAppDelegate.m in Sources */ = {isa = PBXBuildFile; fileRef = FDB80DC4149E300F001E95AA /* AutoMagicCoding_iOSAppDelegate.m */; };
		FDB80E0B149E3010001E95AA /* InfoPlist.strings in Resources */ = {isa = PBXBuildFile; fileRef = FDB80DC5149E300F001E95AA /* InfoPlist.strings */; };
		FDB80E0E149E3010001E95AA /* AutoMagicCoding_iOSAppDelegate_iPad.m in Sources */ = {isa = PBXBuildFile; fileRef = FDB80DC9149E300F001E95AA /* AutoMagicCoding_iOSAppDelegate_iPad.m */; };
		FDB80E11149E3010001E95AA /* MainWindow_iPad.xib in Resources */ = {isa = PBXBuildFile; fileRef = FDB80DCA149E300F001E95AA /* MainWindow_iPad.xib */; };
		FDB80E14149E3010001E95AA /* AutoMagicCoding_iOSAppDelegate_iPhone.m in Sources */ = {isa = PBXBuildFile; fileRef = FDB80DCE149E3010001E95AA /* AutoMagicCoding_iOSAppDelegate_iPhone.m */; };
		FDB80E17149E3010001E95AA /* MainWindow_iPhone.xib in Resources */ = {isa = PBXBuildFile; fileRef = FDB80DCF149E3010001E95AA /* MainWindow_iPhone.xib */; };
		FDB80E1A149E3010001E95AA /* main.m in Sources */ = {isa = PBXBuildFile; fileRef = FDB80DD1149E3010001E95AA /* main.m */; };
		FDB80E33149E3010001E95AA /* InfoPlist.strings in Resources */ = {isa = PBXBuildFile; fileRef = FDB80DE0149E3010001E95AA /* InfoPlist.strings */; };
		FDB80E34149E3010001E95AA /* InfoPlist.strings in Resources */ = {isa = PBXBuildFile; fileRef = FDB80DE0149E3010001E95AA /* InfoPlist.strings */; };
		FDB80E3C149E3010001E95AA /* AMCCollectionsTest.m in Sources */ = {isa = PBXBuildFile; fileRef = FDB80DE8149E3010001E95AA /* AMCCollectionsTest.m */; };
		FDB80E3D149E3010001E95AA /* AMCCollectionsTest.m in Sources */ = {isa = PBXBuildFile; fileRef = FDB80DE8149E3010001E95AA /* AMCCollectionsTest.m */; };
		FDB80E3F149E3010001E95AA /* AMCExceptionsTest.m in Sources */ = {isa = PBXBuildFile; fileRef = FDB80DEA149E3010001E95AA /* AMCExceptionsTest.m */; };
		FDB80E40149E3010001E95AA /* AMCExceptionsTest.m in Sources */ = {isa = PBXBuildFile; fileRef = FDB80DEA149E3010001E95AA /* AMCExceptionsTest.m */; };
		FDB80E42149E3010001E95AA /* AMCTest.m in Sources */ = {isa = PBXBuildFile; fileRef = FDB80DEC149E3010001E95AA /* AMCTest.m */; };
		FDB80E43149E3010001E95AA /* AMCTest.m in Sources */ = {isa = PBXBuildFile; fileRef = FDB80DEC149E3010001E95AA /* AMCTest.m */; };
		FDB80E45149E3010001E95AA /* AMCTestSimple.m in Sources */ = {isa = PBXBuildFile; fileRef = FDB80DEE149E3010001E95AA /* AMCTestSimple.m */; };
		FDB80E46149E3010001E95AA /* AMCTestSimple.m in Sources */ = {isa = PBXBuildFile; fileRef = FDB80DEE149E3010001E95AA /* AMCTestSimple.m */; };
		FDB80E48149E3010001E95AA /* Bar.m in Sources */ = {isa = PBXBuildFile; fileRef = FDB80DF1149E3010001E95AA /* Bar.m */; };
		FDB80E49149E3010001E95AA /* Bar.m in Sources */ = {isa = PBXBuildFile; fileRef = FDB80DF1149E3010001E95AA /* Bar.m */; };
		FDB80E4B149E3010001E95AA /* CCArray.m in Sources */ = {isa = PBXBuildFile; fileRef = FDB80DF3149E3010001E95AA /* CCArray.m */; };
		FDB80E4C149E3010001E95AA /* CCArray.m in Sources */ = {isa = PBXBuildFile; fileRef = FDB80DF3149E3010001E95AA /* CCArray.m */; };
		FDB80E4E149E3010001E95AA /* Foo.m in Sources */ = {isa = PBXBuildFile; fileRef = FDB80DF6149E3010001E95AA /* Foo.m */; };
		FDB80E4F149E3010001E95AA /* Foo.m in Sources */ = {isa = PBXBuildFile; fileRef = FDB80DF6149E3010001E95AA /* Foo.m */; };
		FDB80E51149E3010001E95AA /* FooWithCollections.m in Sources */ = {isa = PBXBuildFile; fileRef = FDB80DF8149E3010001E95AA /* FooWithCollections.m */; };
		FDB80E52149E3010001E95AA /* FooWithCollections.m in Sources */ = {isa = PBXBuildFile; fileRef = FDB80DF8149E3010001E95AA /* FooWithCollections.m */; };
		FDB80E54149E3010001E95AA /* FooWithCustomCollection.m in Sources */ = {isa = PBXBuildFile; fileRef = FDB80DFA149E3010001E95AA /* FooWithCustomCollection.m */; };
		FDB80E55149E3010001E95AA /* FooWithCustomCollection.m in Sources */ = {isa = PBXBuildFile; fileRef = FDB80DFA149E3010001E95AA /* FooWithCustomCollection.m */; };
		FDB80E57149E3010001E95AA /* FooWithMutableCollections.m in Sources */ = {isa = PBXBuildFile; fileRef = FDB80DFC149E3010001E95AA /* FooWithMutableCollections.m */; };
		FDB80E58149E3010001E95AA /* FooWithMutableCollections.m in Sources */ = {isa = PBXBuildFile; fileRef = FDB80DFC149E3010001E95AA /* FooWithMutableCollections.m */; };
		FDB80E5A149E3010001E95AA /* FooWithSctructs.m in Sources */ = {isa = PBXBuildFile; fileRef = FDB80DFE149E3010001E95AA /* FooWithSctructs.m */; };
		FDB80E5B149E3010001E95AA /* FooWithSctructs.m in Sources */ = {isa = PBXBuildFile; fileRef = FDB80DFE149E3010001E95AA /* FooWithSctructs.m */; };
/* End PBXBuildFile section */

/* Begin PBXContainerItemProxy section */
		6D6D28E71411608600B7EA19 /* PBXContainerItemProxy */ = {
			isa = PBXContainerItemProxy;
			containerPortal = 6D6D28AF1411608600B7EA19 /* Project object */;
			proxyType = 1;
			remoteGlobalIDString = 6D6D28B71411608600B7EA19;
			remoteInfo = "AutoMagicCoding-iOS";
		};
		AA910CDD1986160700FE996A /* PBXContainerItemProxy */ = {
			isa = PBXContainerItemProxy;
			containerPortal = 6D6D28AF1411608600B7EA19 /* Project object */;
			proxyType = 1;
			remoteGlobalIDString = AA910CC11986160700FE996A;
			remoteInfo = AMCObject;
		};
		FDB80CFD149E268F001E95AA /* PBXContainerItemProxy */ = {
			isa = PBXContainerItemProxy;
			containerPortal = 6D6D28AF1411608600B7EA19 /* Project object */;
			proxyType = 1;
			remoteGlobalIDString = 6D6D28B71411608600B7EA19;
			remoteInfo = "AutoMagicCoding-iOS";
		};
/* End PBXContainerItemProxy section */

/* Begin PBXFileReference section */
		6D6D28B81411608600B7EA19 /* AutoMagicCoding-iOS.app */ = {isa = PBXFileReference; explicitFileType = wrapper.application; includeInIndex = 0; path = "AutoMagicCoding-iOS.app"; sourceTree = BUILT_PRODUCTS_DIR; };
		6D6D28BC1411608600B7EA19 /* UIKit.framework */ = {isa = PBXFileReference; lastKnownFileType = wrapper.framework; name = UIKit.framework; path = System/Library/Frameworks/UIKit.framework; sourceTree = SDKROOT; };
		6D6D28BE1411608600B7EA19 /* Foundation.framework */ = {isa = PBXFileReference; lastKnownFileType = wrapper.framework; name = Foundation.framework; path = System/Library/Frameworks/Foundation.framework; sourceTree = SDKROOT; };
		6D6D28C01411608600B7EA19 /* CoreGraphics.framework */ = {isa = PBXFileReference; lastKnownFileType = wrapper.framework; name = CoreGraphics.framework; path = System/Library/Frameworks/CoreGraphics.framework; sourceTree = SDKROOT; };
		6D6D28E11411608600B7EA19 /* AutoMagicCoding-iOSTests.octest */ = {isa = PBXFileReference; explicitFileType = wrapper.cfbundle; includeInIndex = 0; path = "AutoMagicCoding-iOSTests.octest"; sourceTree = BUILT_PRODUCTS_DIR; };
		6D6D28E21411608600B7EA19 /* SenTestingKit.framework */ = {isa = PBXFileReference; lastKnownFileType = wrapper.framework; name = SenTestingKit.framework; path = Library/Frameworks/SenTestingKit.framework; sourceTree = DEVELOPER_DIR; };
		AA15130B1986245E0089B8D9 /* AMCTest.h */ = {isa = PBXFileReference; fileEncoding = 4; lastKnownFileType = sourcecode.c.h; path = AMCTest.h; sourceTree = "<group>"; };
		AA15130C1986245E0089B8D9 /* AMCTest.m */ = {isa = PBXFileReference; fileEncoding = 4; lastKnownFileType = sourcecode.c.objc; path = AMCTest.m; sourceTree = "<group>"; };
		AA910CB9198600EE00FE996A /* Default-568h@2x.png */ = {isa = PBXFileReference; lastKnownFileType = image.png; path = "Default-568h@2x.png"; sourceTree = "<group>"; };
		AA910CC21986160700FE996A /* AMCObject.app */ = {isa = PBXFileReference; explicitFileType = wrapper.application; includeInIndex = 0; path = AMCObject.app; sourceTree = BUILT_PRODUCTS_DIR; };
		AA910CD81986160700FE996A /* AMCObjectTests.xctest */ = {isa = PBXFileReference; explicitFileType = wrapper.cfbundle; includeInIndex = 0; path = AMCObjectTests.xctest; sourceTree = BUILT_PRODUCTS_DIR; };
		AA910CD91986160700FE996A /* XCTest.framework */ = {isa = PBXFileReference; lastKnownFileType = wrapper.framework; name = XCTest.framework; path = Library/Frameworks/XCTest.framework; sourceTree = DEVELOPER_DIR; };
		AA910CEF198617E900FE996A /* AMCObject-Info.plist */ = {isa = PBXFileReference; fileEncoding = 4; lastKnownFileType = text.plist.xml; name = "AMCObject-Info.plist"; path = "SupportingFiles/AMCObject-SupportingFiles/AMCObject-Info.plist"; sourceTree = SOURCE_ROOT; };
		AA910CF0198617E900FE996A /* AMCObject-Prefix.pch */ = {isa = PBXFileReference; fileEncoding = 4; lastKnownFileType = sourcecode.c.h; name = "AMCObject-Prefix.pch"; path = "SupportingFiles/AMCObject-SupportingFiles/AMCObject-Prefix.pch"; sourceTree = SOURCE_ROOT; };
		AA910CF1198617E900FE996A /* AppDelegate.h */ = {isa = PBXFileReference; fileEncoding = 4; lastKnownFileType = sourcecode.c.h; name = AppDelegate.h; path = "SupportingFiles/AMCObject-SupportingFiles/AppDelegate.h"; sourceTree = SOURCE_ROOT; };
		AA910CF2198617E900FE996A /* AppDelegate.m */ = {isa = PBXFileReference; fileEncoding = 4; lastKnownFileType = sourcecode.c.objc; name = AppDelegate.m; path = "SupportingFiles/AMCObject-SupportingFiles/AppDelegate.m"; sourceTree = SOURCE_ROOT; };
		AA910CF6198617E900FE996A /* Images.xcassets */ = {isa = PBXFileReference; lastKnownFileType = folder.assetcatalog; name = Images.xcassets; path = "SupportingFiles/AMCObject-SupportingFiles/Images.xcassets"; sourceTree = SOURCE_ROOT; };
		AA910CF7198617E900FE996A /* main.m */ = {isa = PBXFileReference; fileEncoding = 4; lastKnownFileType = sourcecode.c.objc; name = main.m; path = "SupportingFiles/AMCObject-SupportingFiles/main.m"; sourceTree = SOURCE_ROOT; };
		AA910CFD1986180100FE996A /* AMCObject.h */ = {isa = PBXFileReference; fileEncoding = 4; lastKnownFileType = sourcecode.c.h; path = AMCObject.h; sourceTree = "<group>"; };
		AA910CFE1986180100FE996A /* AMCObject.m */ = {isa = PBXFileReference; fileEncoding = 4; lastKnownFileType = sourcecode.c.objc; path = AMCObject.m; sourceTree = "<group>"; };
		AA910D0219861B0500FE996A /* AMCObjectTests-Info.plist */ = {isa = PBXFileReference; fileEncoding = 4; lastKnownFileType = text.plist.xml; path = "AMCObjectTests-Info.plist"; sourceTree = "<group>"; };
		AA910D0419861B0500FE996A /* en */ = {isa = PBXFileReference; lastKnownFileType = text.plist.strings; name = en; path = en.lproj/InfoPlist.strings; sourceTree = "<group>"; };
		AA910D0819861DE500FE996A /* AMCCollectionsTest.h */ = {isa = PBXFileReference; fileEncoding = 4; lastKnownFileType = sourcecode.c.h; path = AMCCollectionsTest.h; sourceTree = "<group>"; };
		AA910D0919861DE500FE996A /* AMCCollectionsTest.m */ = {isa = PBXFileReference; fileEncoding = 4; lastKnownFileType = sourcecode.c.objc; path = AMCCollectionsTest.m; sourceTree = "<group>"; };
		AA910D0A19861DE500FE996A /* AMCExceptionsTest.h */ = {isa = PBXFileReference; fileEncoding = 4; lastKnownFileType = sourcecode.c.h; path = AMCExceptionsTest.h; sourceTree = "<group>"; };
		AA910D0B19861DE500FE996A /* AMCExceptionsTest.m */ = {isa = PBXFileReference; fileEncoding = 4; lastKnownFileType = sourcecode.c.objc; path = AMCExceptionsTest.m; sourceTree = "<group>"; };
		AA910D0E19861DE500FE996A /* AMCTestSimple.h */ = {isa = PBXFileReference; fileEncoding = 4; lastKnownFileType = sourcecode.c.h; path = AMCTestSimple.h; sourceTree = "<group>"; };
		AA910D0F19861DE500FE996A /* AMCTestSimple.m */ = {isa = PBXFileReference; fileEncoding = 4; lastKnownFileType = sourcecode.c.objc; path = AMCTestSimple.m; sourceTree = "<group>"; };
		AA910D1119861DE500FE996A /* Bar.h */ = {isa = PBXFileReference; fileEncoding = 4; lastKnownFileType = sourcecode.c.h; path = Bar.h; sourceTree = "<group>"; };
		AA910D1219861DE500FE996A /* Bar.m */ = {isa = PBXFileReference; fileEncoding = 4; lastKnownFileType = sourcecode.c.objc; path = Bar.m; sourceTree = "<group>"; };
		AA910D1619861DE500FE996A /* Foo.h */ = {isa = PBXFileReference; fileEncoding = 4; lastKnownFileType = sourcecode.c.h; path = Foo.h; sourceTree = "<group>"; };
		AA910D1719861DE500FE996A /* Foo.m */ = {isa = PBXFileReference; fileEncoding = 4; lastKnownFileType = sourcecode.c.objc; path = Foo.m; sourceTree = "<group>"; };
		AA910D1819861DE500FE996A /* FooWithCollections.h */ = {isa = PBXFileReference; fileEncoding = 4; lastKnownFileType = sourcecode.c.h; path = FooWithCollections.h; sourceTree = "<group>"; };
		AA910D1919861DE500FE996A /* FooWithCollections.m */ = {isa = PBXFileReference; fileEncoding = 4; lastKnownFileType = sourcecode.c.objc; path = FooWithCollections.m; sourceTree = "<group>"; };
		AA910D1A19861DE500FE996A /* FooWithCustomCollection.h */ = {isa = PBXFileReference; fileEncoding = 4; lastKnownFileType = sourcecode.c.h; path = FooWithCustomCollection.h; sourceTree = "<group>"; };
		AA910D1B19861DE500FE996A /* FooWithCustomCollection.m */ = {isa = PBXFileReference; fileEncoding = 4; lastKnownFileType = sourcecode.c.objc; path = FooWithCustomCollection.m; sourceTree = "<group>"; };
		AA910D1C19861DE500FE996A /* FooWithMutableCollections.h */ = {isa = PBXFileReference; fileEncoding = 4; lastKnownFileType = sourcecode.c.h; path = FooWithMutableCollections.h; sourceTree = "<group>"; };
		AA910D1D19861DE500FE996A /* FooWithMutableCollections.m */ = {isa = PBXFileReference; fileEncoding = 4; lastKnownFileType = sourcecode.c.objc; path = FooWithMutableCollections.m; sourceTree = "<group>"; };
		AA910D1E19861DE500FE996A /* FooWithSctructs.h */ = {isa = PBXFileReference; fileEncoding = 4; lastKnownFileType = sourcecode.c.h; path = FooWithSctructs.h; sourceTree = "<group>"; };
		AA910D1F19861DE500FE996A /* FooWithSctructs.m */ = {isa = PBXFileReference; fileEncoding = 4; lastKnownFileType = sourcecode.c.objc; path = FooWithSctructs.m; sourceTree = "<group>"; };
		FD8C3CE1149E366200FAA45D /* NSObject+AutoMagicCoding.h */ = {isa = PBXFileReference; fileEncoding = 4; lastKnownFileType = sourcecode.c.h; path = "NSObject+AutoMagicCoding.h"; sourceTree = "<group>"; };
		FD8C3CE2149E366200FAA45D /* NSObject+AutoMagicCoding.m */ = {isa = PBXFileReference; fileEncoding = 4; lastKnownFileType = sourcecode.c.objc; path = "NSObject+AutoMagicCoding.m"; sourceTree = "<group>"; };
		FDA4D40F14D6DABA00B9AE2A /* CHANGELOG */ = {isa = PBXFileReference; lastKnownFileType = text; path = CHANGELOG; sourceTree = "<group>"; };
		FDB80D16149E268F001E95AA /* AutoMagicCoding-iOSTests-NO_THROW.octest */ = {isa = PBXFileReference; explicitFileType = wrapper.cfbundle; includeInIndex = 0; path = "AutoMagicCoding-iOSTests-NO_THROW.octest"; sourceTree = BUILT_PRODUCTS_DIR; };
		FDB80DBE149E300F001E95AA /* README.md */ = {isa = PBXFileReference; fileEncoding = 4; lastKnownFileType = text; path = README.md; sourceTree = "<group>"; };
		FDB80DC1149E300F001E95AA /* AutoMagicCoding-iOS-Info.plist */ = {isa = PBXFileReference; fileEncoding = 4; lastKnownFileType = text.plist.xml; path = "AutoMagicCoding-iOS-Info.plist"; sourceTree = "<group>"; };
		FDB80DC2149E300F001E95AA /* AutoMagicCoding-iOS-Prefix.pch */ = {isa = PBXFileReference; fileEncoding = 4; lastKnownFileType = sourcecode.c.h; path = "AutoMagicCoding-iOS-Prefix.pch"; sourceTree = "<group>"; };
		FDB80DC3149E300F001E95AA /* AutoMagicCoding_iOSAppDelegate.h */ = {isa = PBXFileReference; fileEncoding = 4; lastKnownFileType = sourcecode.c.h; path = AutoMagicCoding_iOSAppDelegate.h; sourceTree = "<group>"; };
		FDB80DC4149E300F001E95AA /* AutoMagicCoding_iOSAppDelegate.m */ = {isa = PBXFileReference; fileEncoding = 4; lastKnownFileType = sourcecode.c.objc; path = AutoMagicCoding_iOSAppDelegate.m; sourceTree = "<group>"; };
		FDB80DC6149E300F001E95AA /* en */ = {isa = PBXFileReference; lastKnownFileType = text.plist.strings; name = en; path = en.lproj/InfoPlist.strings; sourceTree = "<group>"; };
		FDB80DC8149E300F001E95AA /* AutoMagicCoding_iOSAppDelegate_iPad.h */ = {isa = PBXFileReference; fileEncoding = 4; lastKnownFileType = sourcecode.c.h; path = AutoMagicCoding_iOSAppDelegate_iPad.h; sourceTree = "<group>"; };
		FDB80DC9149E300F001E95AA /* AutoMagicCoding_iOSAppDelegate_iPad.m */ = {isa = PBXFileReference; fileEncoding = 4; lastKnownFileType = sourcecode.c.objc; path = AutoMagicCoding_iOSAppDelegate_iPad.m; sourceTree = "<group>"; };
		FDB80DCB149E300F001E95AA /* en */ = {isa = PBXFileReference; lastKnownFileType = file.xib; name = en; path = en.lproj/MainWindow_iPad.xib; sourceTree = "<group>"; };
		FDB80DCD149E300F001E95AA /* AutoMagicCoding_iOSAppDelegate_iPhone.h */ = {isa = PBXFileReference; fileEncoding = 4; lastKnownFileType = sourcecode.c.h; path = AutoMagicCoding_iOSAppDelegate_iPhone.h; sourceTree = "<group>"; };
		FDB80DCE149E3010001E95AA /* AutoMagicCoding_iOSAppDelegate_iPhone.m */ = {isa = PBXFileReference; fileEncoding = 4; lastKnownFileType = sourcecode.c.objc; path = AutoMagicCoding_iOSAppDelegate_iPhone.m; sourceTree = "<group>"; };
		FDB80DD0149E3010001E95AA /* en */ = {isa = PBXFileReference; lastKnownFileType = file.xib; name = en; path = en.lproj/MainWindow_iPhone.xib; sourceTree = "<group>"; };
		FDB80DD1149E3010001E95AA /* main.m */ = {isa = PBXFileReference; fileEncoding = 4; lastKnownFileType = sourcecode.c.objc; path = main.m; sourceTree = "<group>"; };
		FDB80DDF149E3010001E95AA /* AutoMagicCoding-iOSTests-Info.plist */ = {isa = PBXFileReference; fileEncoding = 4; lastKnownFileType = text.plist.xml; path = "AutoMagicCoding-iOSTests-Info.plist"; sourceTree = "<group>"; };
		FDB80DE1149E3010001E95AA /* en */ = {isa = PBXFileReference; lastKnownFileType = text.plist.strings; name = en; path = en.lproj/InfoPlist.strings; sourceTree = "<group>"; };
		FDB80DE7149E3010001E95AA /* AMCCollectionsTest.h */ = {isa = PBXFileReference; fileEncoding = 4; lastKnownFileType = sourcecode.c.h; path = AMCCollectionsTest.h; sourceTree = "<group>"; };
		FDB80DE8149E3010001E95AA /* AMCCollectionsTest.m */ = {isa = PBXFileReference; fileEncoding = 4; lastKnownFileType = sourcecode.c.objc; path = AMCCollectionsTest.m; sourceTree = "<group>"; };
		FDB80DE9149E3010001E95AA /* AMCExceptionsTest.h */ = {isa = PBXFileReference; fileEncoding = 4; lastKnownFileType = sourcecode.c.h; path = AMCExceptionsTest.h; sourceTree = "<group>"; };
		FDB80DEA149E3010001E95AA /* AMCExceptionsTest.m */ = {isa = PBXFileReference; fileEncoding = 4; lastKnownFileType = sourcecode.c.objc; path = AMCExceptionsTest.m; sourceTree = "<group>"; };
		FDB80DEB149E3010001E95AA /* AMCTest.h */ = {isa = PBXFileReference; fileEncoding = 4; lastKnownFileType = sourcecode.c.h; path = AMCTest.h; sourceTree = "<group>"; };
		FDB80DEC149E3010001E95AA /* AMCTest.m */ = {isa = PBXFileReference; fileEncoding = 4; lastKnownFileType = sourcecode.c.objc; path = AMCTest.m; sourceTree = "<group>"; };
		FDB80DED149E3010001E95AA /* AMCTestSimple.h */ = {isa = PBXFileReference; fileEncoding = 4; lastKnownFileType = sourcecode.c.h; path = AMCTestSimple.h; sourceTree = "<group>"; };
		FDB80DEE149E3010001E95AA /* AMCTestSimple.m */ = {isa = PBXFileReference; fileEncoding = 4; lastKnownFileType = sourcecode.c.objc; path = AMCTestSimple.m; sourceTree = "<group>"; };
		FDB80DF0149E3010001E95AA /* Bar.h */ = {isa = PBXFileReference; fileEncoding = 4; lastKnownFileType = sourcecode.c.h; path = Bar.h; sourceTree = "<group>"; };
		FDB80DF1149E3010001E95AA /* Bar.m */ = {isa = PBXFileReference; fileEncoding = 4; lastKnownFileType = sourcecode.c.objc; path = Bar.m; sourceTree = "<group>"; };
		FDB80DF2149E3010001E95AA /* CCArray.h */ = {isa = PBXFileReference; fileEncoding = 4; lastKnownFileType = sourcecode.c.h; path = CCArray.h; sourceTree = "<group>"; };
		FDB80DF3149E3010001E95AA /* CCArray.m */ = {isa = PBXFileReference; fileEncoding = 4; lastKnownFileType = sourcecode.c.objc; path = CCArray.m; sourceTree = "<group>"; };
		FDB80DF4149E3010001E95AA /* ccCArray.h */ = {isa = PBXFileReference; fileEncoding = 4; lastKnownFileType = sourcecode.c.h; path = ccCArray.h; sourceTree = "<group>"; };
		FDB80DF5149E3010001E95AA /* Foo.h */ = {isa = PBXFileReference; fileEncoding = 4; lastKnownFileType = sourcecode.c.h; path = Foo.h; sourceTree = "<group>"; };
		FDB80DF6149E3010001E95AA /* Foo.m */ = {isa = PBXFileReference; fileEncoding = 4; lastKnownFileType = sourcecode.c.objc; path = Foo.m; sourceTree = "<group>"; };
		FDB80DF7149E3010001E95AA /* FooWithCollections.h */ = {isa = PBXFileReference; fileEncoding = 4; lastKnownFileType = sourcecode.c.h; path = FooWithCollections.h; sourceTree = "<group>"; };
		FDB80DF8149E3010001E95AA /* FooWithCollections.m */ = {isa = PBXFileReference; fileEncoding = 4; lastKnownFileType = sourcecode.c.objc; path = FooWithCollections.m; sourceTree = "<group>"; };
		FDB80DF9149E3010001E95AA /* FooWithCustomCollection.h */ = {isa = PBXFileReference; fileEncoding = 4; lastKnownFileType = sourcecode.c.h; path = FooWithCustomCollection.h; sourceTree = "<group>"; };
		FDB80DFA149E3010001E95AA /* FooWithCustomCollection.m */ = {isa = PBXFileReference; fileEncoding = 4; lastKnownFileType = sourcecode.c.objc; path = FooWithCustomCollection.m; sourceTree = "<group>"; };
		FDB80DFB149E3010001E95AA /* FooWithMutableCollections.h */ = {isa = PBXFileReference; fileEncoding = 4; lastKnownFileType = sourcecode.c.h; path = FooWithMutableCollections.h; sourceTree = "<group>"; };
		FDB80DFC149E3010001E95AA /* FooWithMutableCollections.m */ = {isa = PBXFileReference; fileEncoding = 4; lastKnownFileType = sourcecode.c.objc; path = FooWithMutableCollections.m; sourceTree = "<group>"; };
		FDB80DFD149E3010001E95AA /* FooWithSctructs.h */ = {isa = PBXFileReference; fileEncoding = 4; lastKnownFileType = sourcecode.c.h; path = FooWithSctructs.h; sourceTree = "<group>"; };
		FDB80DFE149E3010001E95AA /* FooWithSctructs.m */ = {isa = PBXFileReference; fileEncoding = 4; lastKnownFileType = sourcecode.c.objc; path = FooWithSctructs.m; sourceTree = "<group>"; };
/* End PBXFileReference section */

/* Begin PBXFrameworksBuildPhase section */
		6D6D28B51411608600B7EA19 /* Frameworks */ = {
			isa = PBXFrameworksBuildPhase;
			buildActionMask = 2147483647;
			files = (
				6D6D28BD1411608600B7EA19 /* UIKit.framework in Frameworks */,
				6D6D28BF1411608600B7EA19 /* Foundation.framework in Frameworks */,
				6D6D28C11411608600B7EA19 /* CoreGraphics.framework in Frameworks */,
			);
			runOnlyForDeploymentPostprocessing = 0;
		};
		6D6D28DD1411608600B7EA19 /* Frameworks */ = {
			isa = PBXFrameworksBuildPhase;
			buildActionMask = 2147483647;
			files = (
				6D6D28E31411608600B7EA19 /* SenTestingKit.framework in Frameworks */,
				6D6D28E41411608600B7EA19 /* UIKit.framework in Frameworks */,
				6D6D28E51411608600B7EA19 /* Foundation.framework in Frameworks */,
				6D6D28E61411608600B7EA19 /* CoreGraphics.framework in Frameworks */,
			);
			runOnlyForDeploymentPostprocessing = 0;
		};
		AA910CBF1986160700FE996A /* Frameworks */ = {
			isa = PBXFrameworksBuildPhase;
			buildActionMask = 2147483647;
			files = (
				AA910CC41986160700FE996A /* CoreGraphics.framework in Frameworks */,
				AA910CC51986160700FE996A /* UIKit.framework in Frameworks */,
				AA910CC31986160700FE996A /* Foundation.framework in Frameworks */,
			);
			runOnlyForDeploymentPostprocessing = 0;
		};
		AA910CD51986160700FE996A /* Frameworks */ = {
			isa = PBXFrameworksBuildPhase;
			buildActionMask = 2147483647;
			files = (
				AA910CDA1986160700FE996A /* XCTest.framework in Frameworks */,
				AA910CDC1986160700FE996A /* UIKit.framework in Frameworks */,
				AA910CDB1986160700FE996A /* Foundation.framework in Frameworks */,
			);
			runOnlyForDeploymentPostprocessing = 0;
		};
		FDB80D0B149E268F001E95AA /* Frameworks */ = {
			isa = PBXFrameworksBuildPhase;
			buildActionMask = 2147483647;
			files = (
				FDB80D0C149E268F001E95AA /* SenTestingKit.framework in Frameworks */,
				FDB80D0D149E268F001E95AA /* UIKit.framework in Frameworks */,
				FDB80D0E149E268F001E95AA /* Foundation.framework in Frameworks */,
				FDB80D0F149E268F001E95AA /* CoreGraphics.framework in Frameworks */,
			);
			runOnlyForDeploymentPostprocessing = 0;
		};
/* End PBXFrameworksBuildPhase section */

/* Begin PBXGroup section */
		6D6D28AD1411608600B7EA19 = {
			isa = PBXGroup;
			children = (
				AA910CB9198600EE00FE996A /* Default-568h@2x.png */,
				FDB80DBE149E300F001E95AA /* README.md */,
				FDA4D40F14D6DABA00B9AE2A /* CHANGELOG */,
				FD8C3CE0149E366200FAA45D /* AutoMagicCoding */,
				FDB80DE6149E3010001E95AA /* Tests */,
				FDB80DBF149E300F001E95AA /* SupportingFiles */,
				AA910CC61986160700FE996A /* AMCObject */,
				AA910D0719861DE500FE996A /* AMCObjectTests */,
				6D6D28BB1411608600B7EA19 /* Frameworks */,
				6D6D28B91411608600B7EA19 /* Products */,
			);
			sourceTree = "<group>";
		};
		6D6D28B91411608600B7EA19 /* Products */ = {
			isa = PBXGroup;
			children = (
				6D6D28B81411608600B7EA19 /* AutoMagicCoding-iOS.app */,
				6D6D28E11411608600B7EA19 /* AutoMagicCoding-iOSTests.octest */,
				FDB80D16149E268F001E95AA /* AutoMagicCoding-iOSTests-NO_THROW.octest */,
				AA910CC21986160700FE996A /* AMCObject.app */,
				AA910CD81986160700FE996A /* AMCObjectTests.xctest */,
			);
			name = Products;
			sourceTree = "<group>";
		};
		6D6D28BB1411608600B7EA19 /* Frameworks */ = {
			isa = PBXGroup;
			children = (
				6D6D28BC1411608600B7EA19 /* UIKit.framework */,
				6D6D28BE1411608600B7EA19 /* Foundation.framework */,
				6D6D28C01411608600B7EA19 /* CoreGraphics.framework */,
				6D6D28E21411608600B7EA19 /* SenTestingKit.framework */,
				AA910CD91986160700FE996A /* XCTest.framework */,
			);
			name = Frameworks;
			sourceTree = "<group>";
		};
		AA910CC61986160700FE996A /* AMCObject */ = {
			isa = PBXGroup;
			children = (
				AA910CFD1986180100FE996A /* AMCObject.h */,
				AA910CFE1986180100FE996A /* AMCObject.m */,
				AA910CC71986160700FE996A /* Supporting Files */,
				AA910D0119861B0500FE996A /* Supporting Files-Tests */,
			);
			path = AMCObject;
			sourceTree = "<group>";
		};
		AA910CC71986160700FE996A /* Supporting Files */ = {
			isa = PBXGroup;
			children = (
				AA910CEF198617E900FE996A /* AMCObject-Info.plist */,
				AA910CF0198617E900FE996A /* AMCObject-Prefix.pch */,
				AA910CF1198617E900FE996A /* AppDelegate.h */,
				AA910CF2198617E900FE996A /* AppDelegate.m */,
				AA910CF6198617E900FE996A /* Images.xcassets */,
				AA910CF7198617E900FE996A /* main.m */,
			);
			name = "Supporting Files";
			sourceTree = "<group>";
		};
		AA910D0119861B0500FE996A /* Supporting Files-Tests */ = {
			isa = PBXGroup;
			children = (
				AA910D0219861B0500FE996A /* AMCObjectTests-Info.plist */,
				AA910D0319861B0500FE996A /* InfoPlist.strings */,
			);
			name = "Supporting Files-Tests";
			path = "SupportingFiles/AMCObject-SupportingFiles-Tests";
			sourceTree = SOURCE_ROOT;
		};
		AA910D0719861DE500FE996A /* AMCObjectTests */ = {
			isa = PBXGroup;
			children = (
				AA15130B1986245E0089B8D9 /* AMCTest.h */,
				AA15130C1986245E0089B8D9 /* AMCTest.m */,
				AA910D0819861DE500FE996A /* AMCCollectionsTest.h */,
				AA910D0919861DE500FE996A /* AMCCollectionsTest.m */,
				AA910D0A19861DE500FE996A /* AMCExceptionsTest.h */,
				AA910D0B19861DE500FE996A /* AMCExceptionsTest.m */,
				AA910D0E19861DE500FE996A /* AMCTestSimple.h */,
				AA910D0F19861DE500FE996A /* AMCTestSimple.m */,
				AA910D1019861DE500FE996A /* ObjectsForTests */,
			);
			path = AMCObjectTests;
			sourceTree = SOURCE_ROOT;
		};
		AA910D1019861DE500FE996A /* ObjectsForTests */ = {
			isa = PBXGroup;
			children = (
				AA910D1119861DE500FE996A /* Bar.h */,
				AA910D1219861DE500FE996A /* Bar.m */,
				AA910D1619861DE500FE996A /* Foo.h */,
				AA910D1719861DE500FE996A /* Foo.m */,
				AA910D1819861DE500FE996A /* FooWithCollections.h */,
				AA910D1919861DE500FE996A /* FooWithCollections.m */,
				AA910D1A19861DE500FE996A /* FooWithCustomCollection.h */,
				AA910D1B19861DE500FE996A /* FooWithCustomCollection.m */,
				AA910D1C19861DE500FE996A /* FooWithMutableCollections.h */,
				AA910D1D19861DE500FE996A /* FooWithMutableCollections.m */,
				AA910D1E19861DE500FE996A /* FooWithSctructs.h */,
				AA910D1F19861DE500FE996A /* FooWithSctructs.m */,
			);
			path = ObjectsForTests;
			sourceTree = "<group>";
		};
		FD8C3CE0149E366200FAA45D /* AutoMagicCoding */ = {
			isa = PBXGroup;
			children = (
				FD8C3CE1149E366200FAA45D /* NSObject+AutoMagicCoding.h */,
				FD8C3CE2149E366200FAA45D /* NSObject+AutoMagicCoding.m */,
			);
			path = AutoMagicCoding;
			sourceTree = "<group>";
		};
		FDB80DBF149E300F001E95AA /* SupportingFiles */ = {
			isa = PBXGroup;
			children = (
				FDB80DC0149E300F001E95AA /* SupportingFiles-iOS */,
				FDB80DDE149E3010001E95AA /* SupportingFiles-Tests-iOS */,
			);
			path = SupportingFiles;
			sourceTree = "<group>";
		};
		FDB80DC0149E300F001E95AA /* SupportingFiles-iOS */ = {
			isa = PBXGroup;
			children = (
				FDB80DC1149E300F001E95AA /* AutoMagicCoding-iOS-Info.plist */,
				FDB80DC2149E300F001E95AA /* AutoMagicCoding-iOS-Prefix.pch */,
				FDB80DC3149E300F001E95AA /* AutoMagicCoding_iOSAppDelegate.h */,
				FDB80DC4149E300F001E95AA /* AutoMagicCoding_iOSAppDelegate.m */,
				FDB80DC5149E300F001E95AA /* InfoPlist.strings */,
				FDB80DC7149E300F001E95AA /* iPad */,
				FDB80DCC149E300F001E95AA /* iPhone */,
				FDB80DD1149E3010001E95AA /* main.m */,
			);
			path = "SupportingFiles-iOS";
			sourceTree = "<group>";
		};
		FDB80DC7149E300F001E95AA /* iPad */ = {
			isa = PBXGroup;
			children = (
				FDB80DC8149E300F001E95AA /* AutoMagicCoding_iOSAppDelegate_iPad.h */,
				FDB80DC9149E300F001E95AA /* AutoMagicCoding_iOSAppDelegate_iPad.m */,
				FDB80DCA149E300F001E95AA /* MainWindow_iPad.xib */,
			);
			path = iPad;
			sourceTree = "<group>";
		};
		FDB80DCC149E300F001E95AA /* iPhone */ = {
			isa = PBXGroup;
			children = (
				FDB80DCD149E300F001E95AA /* AutoMagicCoding_iOSAppDelegate_iPhone.h */,
				FDB80DCE149E3010001E95AA /* AutoMagicCoding_iOSAppDelegate_iPhone.m */,
				FDB80DCF149E3010001E95AA /* MainWindow_iPhone.xib */,
			);
			path = iPhone;
			sourceTree = "<group>";
		};
		FDB80DDE149E3010001E95AA /* SupportingFiles-Tests-iOS */ = {
			isa = PBXGroup;
			children = (
				FDB80DDF149E3010001E95AA /* AutoMagicCoding-iOSTests-Info.plist */,
				FDB80DE0149E3010001E95AA /* InfoPlist.strings */,
			);
			path = "SupportingFiles-Tests-iOS";
			sourceTree = "<group>";
		};
		FDB80DE6149E3010001E95AA /* Tests */ = {
			isa = PBXGroup;
			children = (
				FDB80DE7149E3010001E95AA /* AMCCollectionsTest.h */,
				FDB80DE8149E3010001E95AA /* AMCCollectionsTest.m */,
				FDB80DE9149E3010001E95AA /* AMCExceptionsTest.h */,
				FDB80DEA149E3010001E95AA /* AMCExceptionsTest.m */,
				FDB80DEB149E3010001E95AA /* AMCTest.h */,
				FDB80DEC149E3010001E95AA /* AMCTest.m */,
				FDB80DED149E3010001E95AA /* AMCTestSimple.h */,
				FDB80DEE149E3010001E95AA /* AMCTestSimple.m */,
				FDB80DEF149E3010001E95AA /* ObjectsForTests */,
			);
			path = Tests;
			sourceTree = "<group>";
		};
		FDB80DEF149E3010001E95AA /* ObjectsForTests */ = {
			isa = PBXGroup;
			children = (
				FDB80DF0149E3010001E95AA /* Bar.h */,
				FDB80DF1149E3010001E95AA /* Bar.m */,
				FDB80DF2149E3010001E95AA /* CCArray.h */,
				FDB80DF3149E3010001E95AA /* CCArray.m */,
				FDB80DF4149E3010001E95AA /* ccCArray.h */,
				FDB80DF5149E3010001E95AA /* Foo.h */,
				FDB80DF6149E3010001E95AA /* Foo.m */,
				FDB80DF7149E3010001E95AA /* FooWithCollections.h */,
				FDB80DF8149E3010001E95AA /* FooWithCollections.m */,
				FDB80DF9149E3010001E95AA /* FooWithCustomCollection.h */,
				FDB80DFA149E3010001E95AA /* FooWithCustomCollection.m */,
				FDB80DFB149E3010001E95AA /* FooWithMutableCollections.h */,
				FDB80DFC149E3010001E95AA /* FooWithMutableCollections.m */,
				FDB80DFD149E3010001E95AA /* FooWithSctructs.h */,
				FDB80DFE149E3010001E95AA /* FooWithSctructs.m */,
			);
			path = ObjectsForTests;
			sourceTree = "<group>";
		};
/* End PBXGroup section */

/* Begin PBXNativeTarget section */
		6D6D28B71411608600B7EA19 /* AutoMagicCoding-iOS */ = {
			isa = PBXNativeTarget;
			buildConfigurationList = 6D6D28F51411608600B7EA19 /* Build configuration list for PBXNativeTarget "AutoMagicCoding-iOS" */;
			buildPhases = (
				6D6D28B41411608600B7EA19 /* Sources */,
				6D6D28B51411608600B7EA19 /* Frameworks */,
				6D6D28B61411608600B7EA19 /* Resources */,
			);
			buildRules = (
			);
			dependencies = (
			);
			name = "AutoMagicCoding-iOS";
			productName = "AutoMagicCoding-iOS";
			productReference = 6D6D28B81411608600B7EA19 /* AutoMagicCoding-iOS.app */;
			productType = "com.apple.product-type.application";
		};
		6D6D28E01411608600B7EA19 /* AutoMagicCoding-iOSTests */ = {
			isa = PBXNativeTarget;
			buildConfigurationList = 6D6D28F81411608600B7EA19 /* Build configuration list for PBXNativeTarget "AutoMagicCoding-iOSTests" */;
			buildPhases = (
				6D6D28DC1411608600B7EA19 /* Sources */,
				6D6D28DD1411608600B7EA19 /* Frameworks */,
				6D6D28DE1411608600B7EA19 /* Resources */,
				6D6D28DF1411608600B7EA19 /* ShellScript */,
			);
			buildRules = (
			);
			dependencies = (
				6D6D28E81411608600B7EA19 /* PBXTargetDependency */,
			);
			name = "AutoMagicCoding-iOSTests";
			productName = "AutoMagicCoding-iOSTests";
			productReference = 6D6D28E11411608600B7EA19 /* AutoMagicCoding-iOSTests.octest */;
			productType = "com.apple.product-type.bundle";
		};
		AA910CC11986160700FE996A /* AMCObject */ = {
			isa = PBXNativeTarget;
			buildConfigurationList = AA910CE71986160700FE996A /* Build configuration list for PBXNativeTarget "AMCObject" */;
			buildPhases = (
				AA910CBE1986160700FE996A /* Sources */,
				AA910CBF1986160700FE996A /* Frameworks */,
				AA910CC01986160700FE996A /* Resources */,
			);
			buildRules = (
			);
			dependencies = (
			);
			name = AMCObject;
			productName = AMCObject;
			productReference = AA910CC21986160700FE996A /* AMCObject.app */;
			productType = "com.apple.product-type.application";
		};
		AA910CD71986160700FE996A /* AMCObjectTests */ = {
			isa = PBXNativeTarget;
			buildConfigurationList = AA910CEA1986160700FE996A /* Build configuration list for PBXNativeTarget "AMCObjectTests" */;
			buildPhases = (
				AA910CD41986160700FE996A /* Sources */,
				AA910CD51986160700FE996A /* Frameworks */,
				AA910CD61986160700FE996A /* Resources */,
			);
			buildRules = (
			);
			dependencies = (
				AA910CDE1986160700FE996A /* PBXTargetDependency */,
			);
			name = AMCObjectTests;
			productName = AMCObjectTests;
			productReference = AA910CD81986160700FE996A /* AMCObjectTests.xctest */;
			productType = "com.apple.product-type.bundle.unit-test";
		};
		FDB80CFB149E268F001E95AA /* AutoMagicCoding-iOSTests AMC_NO_THROW */ = {
			isa = PBXNativeTarget;
			buildConfigurationList = FDB80D13149E268F001E95AA /* Build configuration list for PBXNativeTarget "AutoMagicCoding-iOSTests AMC_NO_THROW" */;
			buildPhases = (
				FDB80CFE149E268F001E95AA /* Sources */,
				FDB80D0B149E268F001E95AA /* Frameworks */,
				FDB80D10149E268F001E95AA /* Resources */,
				FDB80D12149E268F001E95AA /* ShellScript */,
			);
			buildRules = (
			);
			dependencies = (
				FDB80CFC149E268F001E95AA /* PBXTargetDependency */,
			);
			name = "AutoMagicCoding-iOSTests AMC_NO_THROW";
			productName = "AutoMagicCoding-iOSTests";
			productReference = FDB80D16149E268F001E95AA /* AutoMagicCoding-iOSTests-NO_THROW.octest */;
			productType = "com.apple.product-type.bundle";
		};
/* End PBXNativeTarget section */

/* Begin PBXProject section */
		6D6D28AF1411608600B7EA19 /* Project object */ = {
			isa = PBXProject;
			attributes = {
				LastTestingUpgradeCheck = 0510;
				LastUpgradeCheck = 0510;
				TargetAttributes = {
					AA910CD71986160700FE996A = {
						TestTargetID = AA910CC11986160700FE996A;
					};
				};
			};
			buildConfigurationList = 6D6D28B21411608600B7EA19 /* Build configuration list for PBXProject "AutoMagicCoding-iOS" */;
			compatibilityVersion = "Xcode 3.2";
			developmentRegion = English;
			hasScannedForEncodings = 0;
			knownRegions = (
				en,
				ru,
			);
			mainGroup = 6D6D28AD1411608600B7EA19;
			productRefGroup = 6D6D28B91411608600B7EA19 /* Products */;
			projectDirPath = "";
			projectRoot = "";
			targets = (
				6D6D28B71411608600B7EA19 /* AutoMagicCoding-iOS */,
				6D6D28E01411608600B7EA19 /* AutoMagicCoding-iOSTests */,
				FDB80CFB149E268F001E95AA /* AutoMagicCoding-iOSTests AMC_NO_THROW */,
				AA910CC11986160700FE996A /* AMCObject */,
				AA910CD71986160700FE996A /* AMCObjectTests */,
			);
		};
/* End PBXProject section */

/* Begin PBXResourcesBuildPhase section */
		6D6D28B61411608600B7EA19 /* Resources */ = {
			isa = PBXResourcesBuildPhase;
			buildActionMask = 2147483647;
			files = (
				FDB80E02149E3010001E95AA /* README.md in Resources */,
				FDB80E0B149E3010001E95AA /* InfoPlist.strings in Resources */,
				FDB80E11149E3010001E95AA /* MainWindow_iPad.xib in Resources */,
				AA910CBA198600EE00FE996A /* Default-568h@2x.png in Resources */,
				FDB80E17149E3010001E95AA /* MainWindow_iPhone.xib in Resources */,
			);
			runOnlyForDeploymentPostprocessing = 0;
		};
		6D6D28DE1411608600B7EA19 /* Resources */ = {
			isa = PBXResourcesBuildPhase;
			buildActionMask = 2147483647;
			files = (
				FDB80E03149E3010001E95AA /* README.md in Resources */,
				FDB80E33149E3010001E95AA /* InfoPlist.strings in Resources */,
			);
			runOnlyForDeploymentPostprocessing = 0;
		};
		AA910CC01986160700FE996A /* Resources */ = {
			isa = PBXResourcesBuildPhase;
			buildActionMask = 2147483647;
			files = (
				AA910CFB198617E900FE996A /* Images.xcassets in Resources */,
			);
			runOnlyForDeploymentPostprocessing = 0;
		};
		AA910CD61986160700FE996A /* Resources */ = {
			isa = PBXResourcesBuildPhase;
			buildActionMask = 2147483647;
			files = (
				AA910D0619861B0500FE996A /* InfoPlist.strings in Resources */,
			);
			runOnlyForDeploymentPostprocessing = 0;
		};
		FDB80D10149E268F001E95AA /* Resources */ = {
			isa = PBXResourcesBuildPhase;
			buildActionMask = 2147483647;
			files = (
				FDB80E04149E3010001E95AA /* README.md in Resources */,
				FDB80E34149E3010001E95AA /* InfoPlist.strings in Resources */,
			);
			runOnlyForDeploymentPostprocessing = 0;
		};
/* End PBXResourcesBuildPhase section */

/* Begin PBXShellScriptBuildPhase section */
		6D6D28DF1411608600B7EA19 /* ShellScript */ = {
			isa = PBXShellScriptBuildPhase;
			buildActionMask = 2147483647;
			files = (
			);
			inputPaths = (
			);
			outputPaths = (
			);
			runOnlyForDeploymentPostprocessing = 0;
			shellPath = /bin/sh;
			shellScript = "# Run the unit tests in this test bundle.\n\"${SYSTEM_DEVELOPER_DIR}/Tools/RunUnitTests\"\n";
		};
		FDB80D12149E268F001E95AA /* ShellScript */ = {
			isa = PBXShellScriptBuildPhase;
			buildActionMask = 2147483647;
			files = (
			);
			inputPaths = (
			);
			outputPaths = (
			);
			runOnlyForDeploymentPostprocessing = 0;
			shellPath = /bin/sh;
			shellScript = "# Run the unit tests in this test bundle.\n\"${SYSTEM_DEVELOPER_DIR}/Tools/RunUnitTests\"\n";
		};
/* End PBXShellScriptBuildPhase section */

/* Begin PBXSourcesBuildPhase section */
		6D6D28B41411608600B7EA19 /* Sources */ = {
			isa = PBXSourcesBuildPhase;
			buildActionMask = 2147483647;
			files = (
				FDB80E08149E3010001E95AA /* AutoMagicCoding_iOSAppDelegate.m in Sources */,
				FDB80E0E149E3010001E95AA /* AutoMagicCoding_iOSAppDelegate_iPad.m in Sources */,
				FDB80E14149E3010001E95AA /* AutoMagicCoding_iOSAppDelegate_iPhone.m in Sources */,
				AA910CBB1986155F00FE996A /* NSObject+AutoMagicCoding.m in Sources */,
				FDB80E1A149E3010001E95AA /* main.m in Sources */,
			);
			runOnlyForDeploymentPostprocessing = 0;
		};
		6D6D28DC1411608600B7EA19 /* Sources */ = {
			isa = PBXSourcesBuildPhase;
			buildActionMask = 2147483647;
			files = (
				FDB80E3C149E3010001E95AA /* AMCCollectionsTest.m in Sources */,
				FDB80E3F149E3010001E95AA /* AMCExceptionsTest.m in Sources */,
				FDB80E42149E3010001E95AA /* AMCTest.m in Sources */,
				FDB80E45149E3010001E95AA /* AMCTestSimple.m in Sources */,
				FDB80E48149E3010001E95AA /* Bar.m in Sources */,
				FDB80E4B149E3010001E95AA /* CCArray.m in Sources */,
				AA910CBC1986156000FE996A /* NSObject+AutoMagicCoding.m in Sources */,
				FDB80E4E149E3010001E95AA /* Foo.m in Sources */,
				FDB80E51149E3010001E95AA /* FooWithCollections.m in Sources */,
				FDB80E54149E3010001E95AA /* FooWithCustomCollection.m in Sources */,
				FDB80E57149E3010001E95AA /* FooWithMutableCollections.m in Sources */,
				FDB80E5A149E3010001E95AA /* FooWithSctructs.m in Sources */,
			);
			runOnlyForDeploymentPostprocessing = 0;
		};
		AA910CBE1986160700FE996A /* Sources */ = {
			isa = PBXSourcesBuildPhase;
			buildActionMask = 2147483647;
			files = (
				AA910CFF1986180100FE996A /* AMCObject.m in Sources */,
				AA910CFC198617E900FE996A /* main.m in Sources */,
				AA910CF9198617E900FE996A /* AppDelegate.m in Sources */,
			);
			runOnlyForDeploymentPostprocessing = 0;
		};
		AA910CD41986160700FE996A /* Sources */ = {
			isa = PBXSourcesBuildPhase;
			buildActionMask = 2147483647;
			files = (
				AA910D2319861DE500FE996A /* AMCTestSimple.m in Sources */,
				AA910D2119861DE500FE996A /* AMCExceptionsTest.m in Sources */,
				AA910D2419861DE500FE996A /* Bar.m in Sources */,
				AA910D2719861DE500FE996A /* FooWithCollections.m in Sources */,
				AA910D2819861DE500FE996A /* FooWithCustomCollection.m in Sources */,
				AA910D2619861DE500FE996A /* Foo.m in Sources */,
				AA910D2A19861DE500FE996A /* FooWithSctructs.m in Sources */,
				AA910D2919861DE500FE996A /* FooWithMutableCollections.m in Sources */,
				AA910D001986180100FE996A /* AMCObject.m in Sources */,
				AA910D2019861DE500FE996A /* AMCCollectionsTest.m in Sources */,
				AA15130D1986245E0089B8D9 /* AMCTest.m in Sources */,
			);
			runOnlyForDeploymentPostprocessing = 0;
		};
		FDB80CFE149E268F001E95AA /* Sources */ = {
			isa = PBXSourcesBuildPhase;
			buildActionMask = 2147483647;
			files = (
				FDB80E3D149E3010001E95AA /* AMCCollectionsTest.m in Sources */,
				FDB80E40149E3010001E95AA /* AMCExceptionsTest.m in Sources */,
				FDB80E43149E3010001E95AA /* AMCTest.m in Sources */,
				FDB80E46149E3010001E95AA /* AMCTestSimple.m in Sources */,
				FDB80E49149E3010001E95AA /* Bar.m in Sources */,
				FDB80E4C149E3010001E95AA /* CCArray.m in Sources */,
				AA910CBD1986156100FE996A /* NSObject+AutoMagicCoding.m in Sources */,
				FDB80E4F149E3010001E95AA /* Foo.m in Sources */,
				FDB80E52149E3010001E95AA /* FooWithCollections.m in Sources */,
				FDB80E55149E3010001E95AA /* FooWithCustomCollection.m in Sources */,
				FDB80E58149E3010001E95AA /* FooWithMutableCollections.m in Sources */,
				FDB80E5B149E3010001E95AA /* FooWithSctructs.m in Sources */,
			);
			runOnlyForDeploymentPostprocessing = 0;
		};
/* End PBXSourcesBuildPhase section */

/* Begin PBXTargetDependency section */
		6D6D28E81411608600B7EA19 /* PBXTargetDependency */ = {
			isa = PBXTargetDependency;
			target = 6D6D28B71411608600B7EA19 /* AutoMagicCoding-iOS */;
			targetProxy = 6D6D28E71411608600B7EA19 /* PBXContainerItemProxy */;
		};
		AA910CDE1986160700FE996A /* PBXTargetDependency */ = {
			isa = PBXTargetDependency;
			target = AA910CC11986160700FE996A /* AMCObject */;
			targetProxy = AA910CDD1986160700FE996A /* PBXContainerItemProxy */;
		};
		FDB80CFC149E268F001E95AA /* PBXTargetDependency */ = {
			isa = PBXTargetDependency;
			target = 6D6D28B71411608600B7EA19 /* AutoMagicCoding-iOS */;
			targetProxy = FDB80CFD149E268F001E95AA /* PBXContainerItemProxy */;
		};
/* End PBXTargetDependency section */

/* Begin PBXVariantGroup section */
		AA910D0319861B0500FE996A /* InfoPlist.strings */ = {
			isa = PBXVariantGroup;
			children = (
				AA910D0419861B0500FE996A /* en */,
			);
			name = InfoPlist.strings;
			sourceTree = "<group>";
		};
		FDB80DC5149E300F001E95AA /* InfoPlist.strings */ = {
			isa = PBXVariantGroup;
			children = (
				FDB80DC6149E300F001E95AA /* en */,
			);
			name = InfoPlist.strings;
			sourceTree = "<group>";
		};
		FDB80DCA149E300F001E95AA /* MainWindow_iPad.xib */ = {
			isa = PBXVariantGroup;
			children = (
				FDB80DCB149E300F001E95AA /* en */,
			);
			name = MainWindow_iPad.xib;
			sourceTree = "<group>";
		};
		FDB80DCF149E3010001E95AA /* MainWindow_iPhone.xib */ = {
			isa = PBXVariantGroup;
			children = (
				FDB80DD0149E3010001E95AA /* en */,
			);
			name = MainWindow_iPhone.xib;
			sourceTree = "<group>";
		};
		FDB80DE0149E3010001E95AA /* InfoPlist.strings */ = {
			isa = PBXVariantGroup;
			children = (
				FDB80DE1149E3010001E95AA /* en */,
			);
			name = InfoPlist.strings;
			sourceTree = "<group>";
		};
/* End PBXVariantGroup section */

/* Begin XCBuildConfiguration section */
		6D6D28F31411608600B7EA19 /* Debug */ = {
			isa = XCBuildConfiguration;
			buildSettings = {
				ALWAYS_SEARCH_USER_PATHS = NO;
				"CODE_SIGN_IDENTITY[sdk=iphoneos*]" = "iPhone Developer";
				COPY_PHASE_STRIP = NO;
				GCC_C_LANGUAGE_STANDARD = gnu99;
				GCC_DYNAMIC_NO_PIC = NO;
				GCC_OPTIMIZATION_LEVEL = 0;
				GCC_PREPROCESSOR_DEFINITIONS = (
					"DEBUG=1",
					"$(inherited)",
				);
				GCC_SYMBOLS_PRIVATE_EXTERN = NO;
				GCC_VERSION = com.apple.compilers.llvmgcc42;
				GCC_WARN_ABOUT_MISSING_PROTOTYPES = YES;
				GCC_WARN_ABOUT_RETURN_TYPE = YES;
				GCC_WARN_UNUSED_VARIABLE = YES;
				IPHONEOS_DEPLOYMENT_TARGET = 4.3;
				ONLY_ACTIVE_ARCH = YES;
				SDKROOT = iphoneos;
				TARGETED_DEVICE_FAMILY = "1,2";
			};
			name = Debug;
		};
		6D6D28F41411608600B7EA19 /* Release */ = {
			isa = XCBuildConfiguration;
			buildSettings = {
				ALWAYS_SEARCH_USER_PATHS = NO;
				"CODE_SIGN_IDENTITY[sdk=iphoneos*]" = "iPhone Developer";
				COPY_PHASE_STRIP = YES;
				GCC_C_LANGUAGE_STANDARD = gnu99;
				GCC_VERSION = com.apple.compilers.llvmgcc42;
				GCC_WARN_ABOUT_MISSING_PROTOTYPES = YES;
				GCC_WARN_ABOUT_RETURN_TYPE = YES;
				GCC_WARN_UNUSED_VARIABLE = YES;
				IPHONEOS_DEPLOYMENT_TARGET = 4.3;
				OTHER_CFLAGS = "-DNS_BLOCK_ASSERTIONS=1";
				SDKROOT = iphoneos;
				TARGETED_DEVICE_FAMILY = "1,2";
				VALIDATE_PRODUCT = YES;
			};
			name = Release;
		};
		6D6D28F61411608600B7EA19 /* Debug */ = {
			isa = XCBuildConfiguration;
			buildSettings = {
				GCC_PRECOMPILE_PREFIX_HEADER = YES;
				GCC_PREFIX_HEADER = "SupportingFiles/SupportingFiles-iOS/AutoMagicCoding-iOS-Prefix.pch";
				GCC_VERSION = com.apple.compilers.llvm.clang.1_0;
				INFOPLIST_FILE = "SupportingFiles/SupportingFiles-iOS/AutoMagicCoding-iOS-Info.plist";
				PRODUCT_NAME = "$(TARGET_NAME)";
				WRAPPER_EXTENSION = app;
			};
			name = Debug;
		};
		6D6D28F71411608600B7EA19 /* Release */ = {
			isa = XCBuildConfiguration;
			buildSettings = {
				GCC_PRECOMPILE_PREFIX_HEADER = YES;
				GCC_PREFIX_HEADER = "SupportingFiles/SupportingFiles-iOS/AutoMagicCoding-iOS-Prefix.pch";
				GCC_VERSION = com.apple.compilers.llvm.clang.1_0;
				INFOPLIST_FILE = "SupportingFiles/SupportingFiles-iOS/AutoMagicCoding-iOS-Info.plist";
				PRODUCT_NAME = "$(TARGET_NAME)";
				WRAPPER_EXTENSION = app;
			};
			name = Release;
		};
		6D6D28F91411608600B7EA19 /* Debug */ = {
			isa = XCBuildConfiguration;
			buildSettings = {
				BUNDLE_LOADER = "$(BUILT_PRODUCTS_DIR)/AutoMagicCoding-iOS.app/AutoMagicCoding-iOS";
				FRAMEWORK_SEARCH_PATHS = (
					"$(SDKROOT)/Developer/Library/Frameworks",
					"$(DEVELOPER_LIBRARY_DIR)/Frameworks",
				);
				GCC_PRECOMPILE_PREFIX_HEADER = YES;
				GCC_PREFIX_HEADER = "SupportingFiles/SupportingFiles-iOS/AutoMagicCoding-iOS-Prefix.pch";
				GCC_VERSION = com.apple.compilers.llvm.clang.1_0;
				INFOPLIST_FILE = "SupportingFiles/SupportingFiles-Tests-iOS/AutoMagicCoding-iOSTests-Info.plist";
				PRODUCT_NAME = "$(TARGET_NAME)";
				TEST_HOST = "$(BUNDLE_LOADER)";
				WRAPPER_EXTENSION = octest;
			};
			name = Debug;
		};
		6D6D28FA1411608600B7EA19 /* Release */ = {
			isa = XCBuildConfiguration;
			buildSettings = {
				BUNDLE_LOADER = "$(BUILT_PRODUCTS_DIR)/AutoMagicCoding-iOS.app/AutoMagicCoding-iOS";
				FRAMEWORK_SEARCH_PATHS = (
					"$(SDKROOT)/Developer/Library/Frameworks",
					"$(DEVELOPER_LIBRARY_DIR)/Frameworks",
				);
				GCC_PRECOMPILE_PREFIX_HEADER = YES;
				GCC_PREFIX_HEADER = "SupportingFiles/SupportingFiles-iOS/AutoMagicCoding-iOS-Prefix.pch";
				GCC_VERSION = com.apple.compilers.llvm.clang.1_0;
				INFOPLIST_FILE = "SupportingFiles/SupportingFiles-Tests-iOS/AutoMagicCoding-iOSTests-Info.plist";
				PRODUCT_NAME = "$(TARGET_NAME)";
				TEST_HOST = "$(BUNDLE_LOADER)";
				WRAPPER_EXTENSION = octest;
			};
			name = Release;
		};
		AA910CE81986160700FE996A /* Debug */ = {
			isa = XCBuildConfiguration;
			buildSettings = {
				ASSETCATALOG_COMPILER_APPICON_NAME = AppIcon;
				ASSETCATALOG_COMPILER_LAUNCHIMAGE_NAME = LaunchImage;
				CLANG_CXX_LANGUAGE_STANDARD = "gnu++0x";
				CLANG_CXX_LIBRARY = "libc++";
				CLANG_ENABLE_MODULES = YES;
				CLANG_ENABLE_OBJC_ARC = YES;
				CLANG_WARN_BOOL_CONVERSION = YES;
				CLANG_WARN_CONSTANT_CONVERSION = YES;
				CLANG_WARN_DIRECT_OBJC_ISA_USAGE = YES_ERROR;
				CLANG_WARN_EMPTY_BODY = YES;
				CLANG_WARN_ENUM_CONVERSION = YES;
				CLANG_WARN_INT_CONVERSION = YES;
				CLANG_WARN_OBJC_ROOT_CLASS = YES_ERROR;
				CLANG_WARN__DUPLICATE_METHOD_MATCH = YES;
				GCC_PRECOMPILE_PREFIX_HEADER = YES;
				GCC_PREFIX_HEADER = "$(SRCROOT)/SupportingFiles/AMCObject-SupportingFiles/$(TARGET_NAME)-Prefix.pch";
				GCC_PREPROCESSOR_DEFINITIONS = (
					"DEBUG=1",
					"$(inherited)",
				);
				GCC_VERSION = "";
				GCC_WARN_64_TO_32_BIT_CONVERSION = YES;
				GCC_WARN_ABOUT_RETURN_TYPE = YES_ERROR;
				GCC_WARN_UNDECLARED_SELECTOR = YES;
				GCC_WARN_UNINITIALIZED_AUTOS = YES_AGGRESSIVE;
				GCC_WARN_UNUSED_FUNCTION = YES;
				INFOPLIST_FILE = "$(SRCROOT)/SupportingFiles/AMCObject-SupportingFiles/$(TARGET_NAME)-Info.plist";
				IPHONEOS_DEPLOYMENT_TARGET = 7.1;
				PRODUCT_NAME = "$(TARGET_NAME)";
				WRAPPER_EXTENSION = app;
			};
			name = Debug;
		};
		AA910CE91986160700FE996A /* Release */ = {
			isa = XCBuildConfiguration;
			buildSettings = {
				ASSETCATALOG_COMPILER_APPICON_NAME = AppIcon;
				ASSETCATALOG_COMPILER_LAUNCHIMAGE_NAME = LaunchImage;
				CLANG_CXX_LANGUAGE_STANDARD = "gnu++0x";
				CLANG_CXX_LIBRARY = "libc++";
				CLANG_ENABLE_MODULES = YES;
				CLANG_ENABLE_OBJC_ARC = YES;
				CLANG_WARN_BOOL_CONVERSION = YES;
				CLANG_WARN_CONSTANT_CONVERSION = YES;
				CLANG_WARN_DIRECT_OBJC_ISA_USAGE = YES_ERROR;
				CLANG_WARN_EMPTY_BODY = YES;
				CLANG_WARN_ENUM_CONVERSION = YES;
				CLANG_WARN_INT_CONVERSION = YES;
				CLANG_WARN_OBJC_ROOT_CLASS = YES_ERROR;
				CLANG_WARN__DUPLICATE_METHOD_MATCH = YES;
				ENABLE_NS_ASSERTIONS = NO;
				GCC_PRECOMPILE_PREFIX_HEADER = YES;
				GCC_PREFIX_HEADER = "$(SRCROOT)/SupportingFiles/AMCObject-SupportingFiles/$(TARGET_NAME)-Prefix.pch";
				GCC_VERSION = "";
				GCC_WARN_64_TO_32_BIT_CONVERSION = YES;
				GCC_WARN_ABOUT_RETURN_TYPE = YES_ERROR;
				GCC_WARN_UNDECLARED_SELECTOR = YES;
				GCC_WARN_UNINITIALIZED_AUTOS = YES_AGGRESSIVE;
				GCC_WARN_UNUSED_FUNCTION = YES;
				INFOPLIST_FILE = "$(SRCROOT)/SupportingFiles/AMCObject-SupportingFiles/$(TARGET_NAME)-Info.plist";
				IPHONEOS_DEPLOYMENT_TARGET = 7.1;
				PRODUCT_NAME = "$(TARGET_NAME)";
				WRAPPER_EXTENSION = app;
			};
			name = Release;
		};
		AA910CEB1986160700FE996A /* Debug */ = {
			isa = XCBuildConfiguration;
			buildSettings = {
				BUNDLE_LOADER = "$(BUILT_PRODUCTS_DIR)/AMCObject.app/AMCObject";
				CLANG_CXX_LANGUAGE_STANDARD = "gnu++0x";
				CLANG_CXX_LIBRARY = "libc++";
				CLANG_ENABLE_MODULES = YES;
				CLANG_ENABLE_OBJC_ARC = YES;
				CLANG_WARN_BOOL_CONVERSION = YES;
				CLANG_WARN_CONSTANT_CONVERSION = YES;
				CLANG_WARN_DIRECT_OBJC_ISA_USAGE = YES_ERROR;
				CLANG_WARN_EMPTY_BODY = YES;
				CLANG_WARN_ENUM_CONVERSION = YES;
				CLANG_WARN_INT_CONVERSION = YES;
				CLANG_WARN_OBJC_ROOT_CLASS = YES_ERROR;
				CLANG_WARN__DUPLICATE_METHOD_MATCH = YES;
				FRAMEWORK_SEARCH_PATHS = (
					"$(SDKROOT)/Developer/Library/Frameworks",
					"$(inherited)",
					"$(DEVELOPER_FRAMEWORKS_DIR)",
				);
				GCC_PRECOMPILE_PREFIX_HEADER = YES;
				GCC_PREFIX_HEADER = "$(SRCROOT)/SupportingFiles/AMCObject-SupportingFiles/AMCObject-Prefix.pch";
				GCC_PREPROCESSOR_DEFINITIONS = (
					"DEBUG=1",
					"$(inherited)",
				);
				GCC_VERSION = "";
				GCC_WARN_64_TO_32_BIT_CONVERSION = YES;
				GCC_WARN_ABOUT_RETURN_TYPE = YES_ERROR;
				GCC_WARN_UNDECLARED_SELECTOR = YES;
				GCC_WARN_UNINITIALIZED_AUTOS = YES_AGGRESSIVE;
				GCC_WARN_UNUSED_FUNCTION = YES;
				INFOPLIST_FILE = "$(SRCROOT)/SupportingFiles/AMCObject-SupportingFiles-Tests/$(TARGET_NAME)-Info.plist";
				IPHONEOS_DEPLOYMENT_TARGET = 7.1;
				PRODUCT_NAME = "$(TARGET_NAME)";
				TEST_HOST = "$(BUNDLE_LOADER)";
				WRAPPER_EXTENSION = xctest;
			};
			name = Debug;
		};
		AA910CEC1986160700FE996A /* Release */ = {
			isa = XCBuildConfiguration;
			buildSettings = {
				BUNDLE_LOADER = "$(BUILT_PRODUCTS_DIR)/AMCObject.app/AMCObject";
				CLANG_CXX_LANGUAGE_STANDARD = "gnu++0x";
				CLANG_CXX_LIBRARY = "libc++";
				CLANG_ENABLE_MODULES = YES;
				CLANG_ENABLE_OBJC_ARC = YES;
				CLANG_WARN_BOOL_CONVERSION = YES;
				CLANG_WARN_CONSTANT_CONVERSION = YES;
				CLANG_WARN_DIRECT_OBJC_ISA_USAGE = YES_ERROR;
				CLANG_WARN_EMPTY_BODY = YES;
				CLANG_WARN_ENUM_CONVERSION = YES;
				CLANG_WARN_INT_CONVERSION = YES;
				CLANG_WARN_OBJC_ROOT_CLASS = YES_ERROR;
				CLANG_WARN__DUPLICATE_METHOD_MATCH = YES;
				ENABLE_NS_ASSERTIONS = NO;
				FRAMEWORK_SEARCH_PATHS = (
					"$(SDKROOT)/Developer/Library/Frameworks",
					"$(inherited)",
					"$(DEVELOPER_FRAMEWORKS_DIR)",
				);
				GCC_PRECOMPILE_PREFIX_HEADER = YES;
				GCC_PREFIX_HEADER = "$(SRCROOT)/SupportingFiles/AMCObject-SupportingFiles/AMCObject-Prefix.pch";
				GCC_PREPROCESSOR_DEFINITIONS = "";
				GCC_VERSION = "";
				GCC_WARN_64_TO_32_BIT_CONVERSION = YES;
				GCC_WARN_ABOUT_RETURN_TYPE = YES_ERROR;
				GCC_WARN_UNDECLARED_SELECTOR = YES;
				GCC_WARN_UNINITIALIZED_AUTOS = YES_AGGRESSIVE;
				GCC_WARN_UNUSED_FUNCTION = YES;
				INFOPLIST_FILE = "$(SRCROOT)/SupportingFiles/AMCObject-SupportingFiles-Tests/$(TARGET_NAME)-Info.plist";
				IPHONEOS_DEPLOYMENT_TARGET = 7.1;
				PRODUCT_NAME = "$(TARGET_NAME)";
				TEST_HOST = "$(BUNDLE_LOADER)";
				WRAPPER_EXTENSION = xctest;
			};
			name = Release;
		};
		FDB80D14149E268F001E95AA /* Debug */ = {
			isa = XCBuildConfiguration;
			buildSettings = {
				BUNDLE_LOADER = "$(BUILT_PRODUCTS_DIR)/AutoMagicCoding-iOS.app/AutoMagicCoding-iOS";
				FRAMEWORK_SEARCH_PATHS = (
					"$(SDKROOT)/Developer/Library/Frameworks",
					"$(DEVELOPER_LIBRARY_DIR)/Frameworks",
				);
				GCC_PRECOMPILE_PREFIX_HEADER = YES;
				GCC_PREFIX_HEADER = "SupportingFiles/SupportingFiles-iOS/AutoMagicCoding-iOS-Prefix.pch";
				GCC_PREPROCESSOR_DEFINITIONS = (
					AMC_NO_THROW,
					"DEBUG=1",
					"$(inherited)",
				);
				GCC_VERSION = com.apple.compilers.llvm.clang.1_0;
				INFOPLIST_FILE = "SupportingFiles/SupportingFiles-Tests-iOS/AutoMagicCoding-iOSTests-Info.plist";
				PRODUCT_NAME = "AutoMagicCoding-iOSTests-NO_THROW";
				TEST_HOST = "$(BUNDLE_LOADER)";
				WRAPPER_EXTENSION = octest;
			};
			name = Debug;
		};
		FDB80D15149E268F001E95AA /* Release */ = {
			isa = XCBuildConfiguration;
			buildSettings = {
				BUNDLE_LOADER = "$(BUILT_PRODUCTS_DIR)/AutoMagicCoding-iOS.app/AutoMagicCoding-iOS";
				FRAMEWORK_SEARCH_PATHS = (
					"$(SDKROOT)/Developer/Library/Frameworks",
					"$(DEVELOPER_LIBRARY_DIR)/Frameworks",
				);
				GCC_PRECOMPILE_PREFIX_HEADER = YES;
				GCC_PREFIX_HEADER = "SupportingFiles/SupportingFiles-iOS/AutoMagicCoding-iOS-Prefix.pch";
				GCC_PREPROCESSOR_DEFINITIONS = AMC_NO_THROW;
				GCC_VERSION = com.apple.compilers.llvm.clang.1_0;
				INFOPLIST_FILE = "SupportingFiles/SupportingFiles-Tests-iOS/AutoMagicCoding-iOSTests-Info.plist";
				PRODUCT_NAME = "AutoMagicCoding-iOSTests-NO_THROW";
				TEST_HOST = "$(BUNDLE_LOADER)";
				WRAPPER_EXTENSION = octest;
			};
			name = Release;
		};
/* End XCBuildConfiguration section */

/* Begin XCConfigurationList section */
		6D6D28B21411608600B7EA19 /* Build configuration list for PBXProject "AutoMagicCoding-iOS" */ = {
			isa = XCConfigurationList;
			buildConfigurations = (
				6D6D28F31411608600B7EA19 /* Debug */,
				6D6D28F41411608600B7EA19 /* Release */,
			);
			defaultConfigurationIsVisible = 0;
			defaultConfigurationName = Release;
		};
		6D6D28F51411608600B7EA19 /* Build configuration list for PBXNativeTarget "AutoMagicCoding-iOS" */ = {
			isa = XCConfigurationList;
			buildConfigurations = (
				6D6D28F61411608600B7EA19 /* Debug */,
				6D6D28F71411608600B7EA19 /* Release */,
			);
			defaultConfigurationIsVisible = 0;
			defaultConfigurationName = Release;
		};
		6D6D28F81411608600B7EA19 /* Build configuration list for PBXNativeTarget "AutoMagicCoding-iOSTests" */ = {
			isa = XCConfigurationList;
			buildConfigurations = (
				6D6D28F91411608600B7EA19 /* Debug */,
				6D6D28FA1411608600B7EA19 /* Release */,
			);
			defaultConfigurationIsVisible = 0;
			defaultConfigurationName = Release;
		};
		AA910CE71986160700FE996A /* Build configuration list for PBXNativeTarget "AMCObject" */ = {
			isa = XCConfigurationList;
			buildConfigurations = (
				AA910CE81986160700FE996A /* Debug */,
				AA910CE91986160700FE996A /* Release */,
			);
			defaultConfigurationIsVisible = 0;
			defaultConfigurationName = Release;
		};
		AA910CEA1986160700FE996A /* Build configuration list for PBXNativeTarget "AMCObjectTests" */ = {
			isa = XCConfigurationList;
			buildConfigurations = (
				AA910CEB1986160700FE996A /* Debug */,
				AA910CEC1986160700FE996A /* Release */,
			);
			defaultConfigurationIsVisible = 0;
			defaultConfigurationName = Release;
		};
		FDB80D13149E268F001E95AA /* Build configuration list for PBXNativeTarget "AutoMagicCoding-iOSTests AMC_NO_THROW" */ = {
			isa = XCConfigurationList;
			buildConfigurations = (
				FDB80D14149E268F001E95AA /* Debug */,
				FDB80D15149E268F001E95AA /* Release */,
			);
			defaultConfigurationIsVisible = 0;
			defaultConfigurationName = Release;
		};
/* End XCConfigurationList section */
	};
	rootObject = 6D6D28AF1411608600B7EA19 /* Project object */;
}
